
Microsoft Visual Studio Solution File, Format Version 12.00
# Visual Studio Version 16
VisualStudioVersion = 16.0.30225.117
MinimumVisualStudioVersion = 10.0.40219.1
Project("{FAE04EC0-301F-11D3-BF4B-00C04F79EFBC}") = "SALARY-CALCULATOR-REACT", "SALARY-CALCULATOR-REACT\SALARY-CALCULATOR-REACT.csproj", "{1B334E3D-679A-4A18-8210-49EFAE19E12E}"
EndProject
Global
	GlobalSection(SolutionConfigurationPlatforms) = preSolution
		Debug|Any CPU = Debug|Any CPU
		Release|Any CPU = Release|Any CPU
	EndGlobalSection
	GlobalSection(ProjectConfigurationPlatforms) = postSolution
		{1B334E3D-679A-4A18-8210-49EFAE19E12E}.Debug|Any CPU.ActiveCfg = Debug|Any CPU
		{1B334E3D-679A-4A18-8210-49EFAE19E12E}.Debug|Any CPU.Build.0 = Debug|Any CPU
		{1B334E3D-679A-4A18-8210-49EFAE19E12E}.Release|Any CPU.ActiveCfg = Release|Any CPU
		{1B334E3D-679A-4A18-8210-49EFAE19E12E}.Release|Any CPU.Build.0 = Release|Any CPU
	EndGlobalSection
	GlobalSection(SolutionProperties) = preSolution
		HideSolutionNode = FALSE
	EndGlobalSection
	GlobalSection(ExtensibilityGlobals) = postSolution
		SolutionGuid = {96FE23DE-62B5-4C9B-834E-E3787B1AED24}
	EndGlobalSection
EndGlobal
